
Microsoft Visual Studio Solution File, Format Version 12.00
# Visual Studio Version 17
VisualStudioVersion = 17.14.36705.20 d17.14
MinimumVisualStudioVersion = 10.0.40219.1
Project("{FAE04EC0-301F-11D3-BF4B-00C04F79EFBC}") = "РКИСЛР_3", "РКИСЛР_3.csproj", "{53DCC8DE-9390-47F1-85AE-8912E5D020F5}"
EndProject
Global
	GlobalSection(SolutionConfigurationPlatforms) = preSolution
		Debug|Any CPU = Debug|Any CPU
		Release|Any CPU = Release|Any CPU
	EndGlobalSection
	GlobalSection(ProjectConfigurationPlatforms) = postSolution
		{53DCC8DE-9390-47F1-85AE-8912E5D020F5}.Debug|Any CPU.ActiveCfg = Debug|Any CPU
		{53DCC8DE-9390-47F1-85AE-8912E5D020F5}.Debug|Any CPU.Build.0 = Debug|Any CPU
		{53DCC8DE-9390-47F1-85AE-8912E5D020F5}.Release|Any CPU.ActiveCfg = Release|Any CPU
		{53DCC8DE-9390-47F1-85AE-8912E5D020F5}.Release|Any CPU.Build.0 = Release|Any CPU
	EndGlobalSection
	GlobalSection(SolutionProperties) = preSolution
		HideSolutionNode = FALSE
	EndGlobalSection
	GlobalSection(ExtensibilityGlobals) = postSolution
		SolutionGuid = {56502912-255F-4721-9DDC-7E9DDF953787}
	EndGlobalSection
EndGlobal
